
Microsoft Visual Studio Solution File, Format Version 12.00
# Visual Studio Version 17
VisualStudioVersion = 17.2.32210.308
MinimumVisualStudioVersion = 10.0.40219.1
Project("{9A19103F-16F7-4668-BE54-9A1E7A4F7556}") = "NamazuKingom", "NamazuKingom\NamazuKingom.csproj", "{250A8D0D-C734-47F3-9AAA-B9E34DBCDF30}"
EndProject
Global
	GlobalSection(SolutionConfigurationPlatforms) = preSolution
		Debug|Any CPU = Debug|Any CPU
		Release|Any CPU = Release|Any CPU
	EndGlobalSection
	GlobalSection(ProjectConfigurationPlatforms) = postSolution
		{250A8D0D-C734-47F3-9AAA-B9E34DBCDF30}.Debug|Any CPU.ActiveCfg = Debug|Any CPU
		{250A8D0D-C734-47F3-9AAA-B9E34DBCDF30}.Debug|Any CPU.Build.0 = Debug|Any CPU
		{250A8D0D-C734-47F3-9AAA-B9E34DBCDF30}.Release|Any CPU.ActiveCfg = Release|Any CPU
		{250A8D0D-C734-47F3-9AAA-B9E34DBCDF30}.Release|Any CPU.Build.0 = Release|Any CPU
	EndGlobalSection
	GlobalSection(SolutionProperties) = preSolution
		HideSolutionNode = FALSE
	EndGlobalSection
	GlobalSection(ExtensibilityGlobals) = postSolution
		SolutionGuid = {19A883AC-BB28-4A97-B5EE-4B8034639DB2}
	EndGlobalSection
EndGlobal
